// !$*UTF8*$!
{
	archiveVersion = 1;
	classes = {
	};
	objectVersion = 50;
	objects = {

/* Begin PBXBuildFile section */
		E329747A2526BA4600E451FA /* Allergen+CoreDataClass.swift in Sources */ = {isa = PBXBuildFile; fileRef = E32974762526BA4600E451FA /* Allergen+CoreDataClass.swift */; };
		E329747B2526BA4600E451FA /* Allergen+CoreDataProperties.swift in Sources */ = {isa = PBXBuildFile; fileRef = E32974772526BA4600E451FA /* Allergen+CoreDataProperties.swift */; };
		E32974832526BA8100E451FA /* ScannedAllergen+CoreDataClass.swift in Sources */ = {isa = PBXBuildFile; fileRef = E32974812526BA8100E451FA /* ScannedAllergen+CoreDataClass.swift */; };
		E32974842526BA8100E451FA /* ScannedAllergen+CoreDataProperties.swift in Sources */ = {isa = PBXBuildFile; fileRef = E32974822526BA8100E451FA /* ScannedAllergen+CoreDataProperties.swift */; };
		E32B91012524C70900615CB7 /* CameraLoadingAnimation.swift in Sources */ = {isa = PBXBuildFile; fileRef = E32B91002524C70900615CB7 /* CameraLoadingAnimation.swift */; };
		E32B91092524DBC800615CB7 /* ProductView.swift in Sources */ = {isa = PBXBuildFile; fileRef = E32B91082524DBC800615CB7 /* ProductView.swift */; };
		E3796B23252E76C600C21101 /* Nutrient+CoreDataClass.swift in Sources */ = {isa = PBXBuildFile; fileRef = E3796B21252E76C600C21101 /* Nutrient+CoreDataClass.swift */; };
		E3796B24252E76C600C21101 /* Nutrient+CoreDataProperties.swift in Sources */ = {isa = PBXBuildFile; fileRef = E3796B22252E76C600C21101 /* Nutrient+CoreDataProperties.swift */; };
		E3796B2E252E776A00C21101 /* Scan+CoreDataClass.swift in Sources */ = {isa = PBXBuildFile; fileRef = E3796B2C252E776A00C21101 /* Scan+CoreDataClass.swift */; };
		E3796B2F252E776A00C21101 /* Scan+CoreDataProperties.swift in Sources */ = {isa = PBXBuildFile; fileRef = E3796B2D252E776A00C21101 /* Scan+CoreDataProperties.swift */; };
		E3796B3A2530D7FD00C21101 /* ResultView.swift in Sources */ = {isa = PBXBuildFile; fileRef = E3796B392530D7FD00C21101 /* ResultView.swift */; };
		E3AE7FBB252162900059F3E5 /* AppDelegate.swift in Sources */ = {isa = PBXBuildFile; fileRef = E3AE7FBA252162900059F3E5 /* AppDelegate.swift */; };
		E3AE7FBD252162900059F3E5 /* SceneDelegate.swift in Sources */ = {isa = PBXBuildFile; fileRef = E3AE7FBC252162900059F3E5 /* SceneDelegate.swift */; };
		E3AE7FBF252162900059F3E5 /* ContentView.swift in Sources */ = {isa = PBXBuildFile; fileRef = E3AE7FBE252162900059F3E5 /* ContentView.swift */; };
		E3AE7FC2252162900059F3E5 /* EoE.xcdatamodeld in Sources */ = {isa = PBXBuildFile; fileRef = E3AE7FC0252162900059F3E5 /* EoE.xcdatamodeld */; };
		E3AE7FC4252162970059F3E5 /* Assets.xcassets in Resources */ = {isa = PBXBuildFile; fileRef = E3AE7FC3252162970059F3E5 /* Assets.xcassets */; };
		E3AE7FC7252162970059F3E5 /* Preview Assets.xcassets in Resources */ = {isa = PBXBuildFile; fileRef = E3AE7FC6252162970059F3E5 /* Preview Assets.xcassets */; };
		E3AE7FCA252162970059F3E5 /* LaunchScreen.storyboard in Resources */ = {isa = PBXBuildFile; fileRef = E3AE7FC8252162970059F3E5 /* LaunchScreen.storyboard */; };
		E3AE7FD5252162980059F3E5 /* EoETests.swift in Sources */ = {isa = PBXBuildFile; fileRef = E3AE7FD4252162980059F3E5 /* EoETests.swift */; };
		E3AE7FE0252162980059F3E5 /* EoEUITests.swift in Sources */ = {isa = PBXBuildFile; fileRef = E3AE7FDF252162980059F3E5 /* EoEUITests.swift */; };
		E3AE7FFF2521640C0059F3E5 /* ProductSearch.swift in Sources */ = {isa = PBXBuildFile; fileRef = E3AE7FFE2521640C0059F3E5 /* ProductSearch.swift */; };
		E3AE8004252164220059F3E5 /* ProductResult.swift in Sources */ = {isa = PBXBuildFile; fileRef = E3AE8003252164220059F3E5 /* ProductResult.swift */; };
		E3AE8009252164480059F3E5 /* NetworkManager.swift in Sources */ = {isa = PBXBuildFile; fileRef = E3AE8008252164480059F3E5 /* NetworkManager.swift */; };
		E3AE800E252164810059F3E5 /* Errors.swift in Sources */ = {isa = PBXBuildFile; fileRef = E3AE800D252164810059F3E5 /* Errors.swift */; };
		E3AE8013252164A30059F3E5 /* ScanningProcess.swift in Sources */ = {isa = PBXBuildFile; fileRef = E3AE8012252164A30059F3E5 /* ScanningProcess.swift */; };
		E3AE8018252164C20059F3E5 /* Allergen.swift in Sources */ = {isa = PBXBuildFile; fileRef = E3AE8017252164C20059F3E5 /* Allergen.swift */; };
		E3AE801D252164ED0059F3E5 /* AllergenDetection.swift in Sources */ = {isa = PBXBuildFile; fileRef = E3AE801C252164ED0059F3E5 /* AllergenDetection.swift */; };
		E3AE8023252165350059F3E5 /* BarcodeScannerView.swift in Sources */ = {isa = PBXBuildFile; fileRef = E3AE8022252165350059F3E5 /* BarcodeScannerView.swift */; };
		E3AE80282521658C0059F3E5 /* BarcodeScannerViewRepresentable.swift in Sources */ = {isa = PBXBuildFile; fileRef = E3AE80272521658C0059F3E5 /* BarcodeScannerViewRepresentable.swift */; };
		E3AE802E252165C30059F3E5 /* ImageProcessor.swift in Sources */ = {isa = PBXBuildFile; fileRef = E3AE802D252165C30059F3E5 /* ImageProcessor.swift */; };
		E3AE8034252166460059F3E5 /* CameraView.swift in Sources */ = {isa = PBXBuildFile; fileRef = E3AE8033252166460059F3E5 /* CameraView.swift */; };
		E3AE8039252166670059F3E5 /* CameraRepresentable.swift in Sources */ = {isa = PBXBuildFile; fileRef = E3AE8038252166670059F3E5 /* CameraRepresentable.swift */; };
		E3AE803E2521667E0059F3E5 /* CameraController.swift in Sources */ = {isa = PBXBuildFile; fileRef = E3AE803D2521667E0059F3E5 /* CameraController.swift */; };
		E3AE8045252166E80059F3E5 /* BarcodeBottomBar.swift in Sources */ = {isa = PBXBuildFile; fileRef = E3AE8044252166E80059F3E5 /* BarcodeBottomBar.swift */; };
		E3AE804D2521675F0059F3E5 /* CameraBottomBar.swift in Sources */ = {isa = PBXBuildFile; fileRef = E3AE804C2521675F0059F3E5 /* CameraBottomBar.swift */; };
		E3AE8053252167B90059F3E5 /* ImagePicker.swift in Sources */ = {isa = PBXBuildFile; fileRef = E3AE8052252167B90059F3E5 /* ImagePicker.swift */; };
		E3AE805B252168770059F3E5 /* Extensions.swift in Sources */ = {isa = PBXBuildFile; fileRef = E3AE805A252168770059F3E5 /* Extensions.swift */; };
		E3AE806025216B010059F3E5 /* SettingsView.swift in Sources */ = {isa = PBXBuildFile; fileRef = E3AE805F25216B010059F3E5 /* SettingsView.swift */; };
		E3AE806525216B130059F3E5 /* FoodDiaryView.swift in Sources */ = {isa = PBXBuildFile; fileRef = E3AE806425216B130059F3E5 /* FoodDiaryView.swift */; };
		E3AE806D25216B230059F3E5 /* ScanView.swift in Sources */ = {isa = PBXBuildFile; fileRef = E3AE806C25216B230059F3E5 /* ScanView.swift */; };
		E3AE807525216B510059F3E5 /* AnalysisView.swift in Sources */ = {isa = PBXBuildFile; fileRef = E3AE807425216B510059F3E5 /* AnalysisView.swift */; };
		E3AE8081252223F70059F3E5 /* AllergenSelectionView.swift in Sources */ = {isa = PBXBuildFile; fileRef = E3AE8080252223F70059F3E5 /* AllergenSelectionView.swift */; };
		E3AE808F252227C70059F3E5 /* UserData.swift in Sources */ = {isa = PBXBuildFile; fileRef = E3AE808E252227C70059F3E5 /* UserData.swift */; };
		E3AE809A252298AD0059F3E5 /* SearchBar.swift in Sources */ = {isa = PBXBuildFile; fileRef = E3AE8099252298AC0059F3E5 /* SearchBar.swift */; };
		E3AE80A225229D0E0059F3E5 /* ScanRow.swift in Sources */ = {isa = PBXBuildFile; fileRef = E3AE80A125229D0E0059F3E5 /* ScanRow.swift */; };
		E3E56FBF252410BD005F8D32 /* FloatingScanButton.swift in Sources */ = {isa = PBXBuildFile; fileRef = E3E56FBE252410BD005F8D32 /* FloatingScanButton.swift */; };
		E3E56FC725241259005F8D32 /* BarcodeScanButton.swift in Sources */ = {isa = PBXBuildFile; fileRef = E3E56FC625241259005F8D32 /* BarcodeScanButton.swift */; };
		E3E56FCC25241294005F8D32 /* IngredientsScanButton.swift in Sources */ = {isa = PBXBuildFile; fileRef = E3E56FCB25241294005F8D32 /* IngredientsScanButton.swift */; };
/* End PBXBuildFile section */

/* Begin PBXContainerItemProxy section */
		E3AE7FD1252162980059F3E5 /* PBXContainerItemProxy */ = {
			isa = PBXContainerItemProxy;
			containerPortal = E3AE7FAF252162900059F3E5 /* Project object */;
			proxyType = 1;
			remoteGlobalIDString = E3AE7FB6252162900059F3E5;
			remoteInfo = EoE;
		};
		E3AE7FDC252162980059F3E5 /* PBXContainerItemProxy */ = {
			isa = PBXContainerItemProxy;
			containerPortal = E3AE7FAF252162900059F3E5 /* Project object */;
			proxyType = 1;
			remoteGlobalIDString = E3AE7FB6252162900059F3E5;
			remoteInfo = EoE;
		};
/* End PBXContainerItemProxy section */

/* Begin PBXFileReference section */
		E32974762526BA4600E451FA /* Allergen+CoreDataClass.swift */ = {isa = PBXFileReference; lastKnownFileType = sourcecode.swift; path = "Allergen+CoreDataClass.swift"; sourceTree = "<group>"; };
		E32974772526BA4600E451FA /* Allergen+CoreDataProperties.swift */ = {isa = PBXFileReference; lastKnownFileType = sourcecode.swift; path = "Allergen+CoreDataProperties.swift"; sourceTree = "<group>"; };
		E32974812526BA8100E451FA /* ScannedAllergen+CoreDataClass.swift */ = {isa = PBXFileReference; lastKnownFileType = sourcecode.swift; path = "ScannedAllergen+CoreDataClass.swift"; sourceTree = "<group>"; };
		E32974822526BA8100E451FA /* ScannedAllergen+CoreDataProperties.swift */ = {isa = PBXFileReference; lastKnownFileType = sourcecode.swift; path = "ScannedAllergen+CoreDataProperties.swift"; sourceTree = "<group>"; };
		E32B91002524C70900615CB7 /* CameraLoadingAnimation.swift */ = {isa = PBXFileReference; lastKnownFileType = sourcecode.swift; path = CameraLoadingAnimation.swift; sourceTree = "<group>"; };
		E32B91082524DBC800615CB7 /* ProductView.swift */ = {isa = PBXFileReference; lastKnownFileType = sourcecode.swift; path = ProductView.swift; sourceTree = "<group>"; };
		E3796B21252E76C600C21101 /* Nutrient+CoreDataClass.swift */ = {isa = PBXFileReference; lastKnownFileType = sourcecode.swift; path = "Nutrient+CoreDataClass.swift"; sourceTree = "<group>"; };
		E3796B22252E76C600C21101 /* Nutrient+CoreDataProperties.swift */ = {isa = PBXFileReference; lastKnownFileType = sourcecode.swift; path = "Nutrient+CoreDataProperties.swift"; sourceTree = "<group>"; };
		E3796B2C252E776A00C21101 /* Scan+CoreDataClass.swift */ = {isa = PBXFileReference; lastKnownFileType = sourcecode.swift; path = "Scan+CoreDataClass.swift"; sourceTree = "<group>"; };
		E3796B2D252E776A00C21101 /* Scan+CoreDataProperties.swift */ = {isa = PBXFileReference; lastKnownFileType = sourcecode.swift; path = "Scan+CoreDataProperties.swift"; sourceTree = "<group>"; };
		E3796B392530D7FD00C21101 /* ResultView.swift */ = {isa = PBXFileReference; lastKnownFileType = sourcecode.swift; path = ResultView.swift; sourceTree = "<group>"; };
		E3AE7FB7252162900059F3E5 /* EoE.app */ = {isa = PBXFileReference; explicitFileType = wrapper.application; includeInIndex = 0; path = EoE.app; sourceTree = BUILT_PRODUCTS_DIR; };
		E3AE7FBA252162900059F3E5 /* AppDelegate.swift */ = {isa = PBXFileReference; lastKnownFileType = sourcecode.swift; path = AppDelegate.swift; sourceTree = "<group>"; };
		E3AE7FBC252162900059F3E5 /* SceneDelegate.swift */ = {isa = PBXFileReference; lastKnownFileType = sourcecode.swift; path = SceneDelegate.swift; sourceTree = "<group>"; };
		E3AE7FBE252162900059F3E5 /* ContentView.swift */ = {isa = PBXFileReference; lastKnownFileType = sourcecode.swift; path = ContentView.swift; sourceTree = "<group>"; };
		E3AE7FC1252162900059F3E5 /* EoE.xcdatamodel */ = {isa = PBXFileReference; lastKnownFileType = wrapper.xcdatamodel; path = EoE.xcdatamodel; sourceTree = "<group>"; };
		E3AE7FC3252162970059F3E5 /* Assets.xcassets */ = {isa = PBXFileReference; lastKnownFileType = folder.assetcatalog; path = Assets.xcassets; sourceTree = "<group>"; };
		E3AE7FC6252162970059F3E5 /* Preview Assets.xcassets */ = {isa = PBXFileReference; lastKnownFileType = folder.assetcatalog; path = "Preview Assets.xcassets"; sourceTree = "<group>"; };
		E3AE7FC9252162970059F3E5 /* Base */ = {isa = PBXFileReference; lastKnownFileType = file.storyboard; name = Base; path = Base.lproj/LaunchScreen.storyboard; sourceTree = "<group>"; };
		E3AE7FCB252162970059F3E5 /* Info.plist */ = {isa = PBXFileReference; lastKnownFileType = text.plist.xml; path = Info.plist; sourceTree = "<group>"; };
		E3AE7FD0252162980059F3E5 /* EoETests.xctest */ = {isa = PBXFileReference; explicitFileType = wrapper.cfbundle; includeInIndex = 0; path = EoETests.xctest; sourceTree = BUILT_PRODUCTS_DIR; };
		E3AE7FD4252162980059F3E5 /* EoETests.swift */ = {isa = PBXFileReference; lastKnownFileType = sourcecode.swift; path = EoETests.swift; sourceTree = "<group>"; };
		E3AE7FD6252162980059F3E5 /* Info.plist */ = {isa = PBXFileReference; lastKnownFileType = text.plist.xml; path = Info.plist; sourceTree = "<group>"; };
		E3AE7FDB252162980059F3E5 /* EoEUITests.xctest */ = {isa = PBXFileReference; explicitFileType = wrapper.cfbundle; includeInIndex = 0; path = EoEUITests.xctest; sourceTree = BUILT_PRODUCTS_DIR; };
		E3AE7FDF252162980059F3E5 /* EoEUITests.swift */ = {isa = PBXFileReference; lastKnownFileType = sourcecode.swift; path = EoEUITests.swift; sourceTree = "<group>"; };
		E3AE7FE1252162980059F3E5 /* Info.plist */ = {isa = PBXFileReference; lastKnownFileType = text.plist.xml; path = Info.plist; sourceTree = "<group>"; };
		E3AE7FFE2521640C0059F3E5 /* ProductSearch.swift */ = {isa = PBXFileReference; lastKnownFileType = sourcecode.swift; path = ProductSearch.swift; sourceTree = "<group>"; };
		E3AE8003252164220059F3E5 /* ProductResult.swift */ = {isa = PBXFileReference; lastKnownFileType = sourcecode.swift; path = ProductResult.swift; sourceTree = "<group>"; };
		E3AE8008252164480059F3E5 /* NetworkManager.swift */ = {isa = PBXFileReference; lastKnownFileType = sourcecode.swift; path = NetworkManager.swift; sourceTree = "<group>"; };
		E3AE800D252164810059F3E5 /* Errors.swift */ = {isa = PBXFileReference; lastKnownFileType = sourcecode.swift; path = Errors.swift; sourceTree = "<group>"; };
		E3AE8012252164A30059F3E5 /* ScanningProcess.swift */ = {isa = PBXFileReference; lastKnownFileType = sourcecode.swift; path = ScanningProcess.swift; sourceTree = "<group>"; };
		E3AE8017252164C20059F3E5 /* Allergen.swift */ = {isa = PBXFileReference; lastKnownFileType = sourcecode.swift; path = Allergen.swift; sourceTree = "<group>"; };
		E3AE801C252164ED0059F3E5 /* AllergenDetection.swift */ = {isa = PBXFileReference; lastKnownFileType = sourcecode.swift; path = AllergenDetection.swift; sourceTree = "<group>"; };
		E3AE8022252165350059F3E5 /* BarcodeScannerView.swift */ = {isa = PBXFileReference; lastKnownFileType = sourcecode.swift; path = BarcodeScannerView.swift; sourceTree = "<group>"; };
		E3AE80272521658C0059F3E5 /* BarcodeScannerViewRepresentable.swift */ = {isa = PBXFileReference; lastKnownFileType = sourcecode.swift; path = BarcodeScannerViewRepresentable.swift; sourceTree = "<group>"; };
		E3AE802D252165C30059F3E5 /* ImageProcessor.swift */ = {isa = PBXFileReference; lastKnownFileType = sourcecode.swift; path = ImageProcessor.swift; sourceTree = "<group>"; };
		E3AE8033252166460059F3E5 /* CameraView.swift */ = {isa = PBXFileReference; lastKnownFileType = sourcecode.swift; path = CameraView.swift; sourceTree = "<group>"; };
		E3AE8038252166670059F3E5 /* CameraRepresentable.swift */ = {isa = PBXFileReference; lastKnownFileType = sourcecode.swift; path = CameraRepresentable.swift; sourceTree = "<group>"; };
		E3AE803D2521667E0059F3E5 /* CameraController.swift */ = {isa = PBXFileReference; lastKnownFileType = sourcecode.swift; path = CameraController.swift; sourceTree = "<group>"; };
		E3AE8044252166E80059F3E5 /* BarcodeBottomBar.swift */ = {isa = PBXFileReference; lastKnownFileType = sourcecode.swift; path = BarcodeBottomBar.swift; sourceTree = "<group>"; };
		E3AE804C2521675F0059F3E5 /* CameraBottomBar.swift */ = {isa = PBXFileReference; lastKnownFileType = sourcecode.swift; path = CameraBottomBar.swift; sourceTree = "<group>"; };
		E3AE8052252167B90059F3E5 /* ImagePicker.swift */ = {isa = PBXFileReference; lastKnownFileType = sourcecode.swift; path = ImagePicker.swift; sourceTree = "<group>"; };
		E3AE805A252168770059F3E5 /* Extensions.swift */ = {isa = PBXFileReference; lastKnownFileType = sourcecode.swift; path = Extensions.swift; sourceTree = "<group>"; };
		E3AE805F25216B010059F3E5 /* SettingsView.swift */ = {isa = PBXFileReference; lastKnownFileType = sourcecode.swift; path = SettingsView.swift; sourceTree = "<group>"; };
		E3AE806425216B130059F3E5 /* FoodDiaryView.swift */ = {isa = PBXFileReference; lastKnownFileType = sourcecode.swift; path = FoodDiaryView.swift; sourceTree = "<group>"; };
		E3AE806C25216B230059F3E5 /* ScanView.swift */ = {isa = PBXFileReference; lastKnownFileType = sourcecode.swift; path = ScanView.swift; sourceTree = "<group>"; };
		E3AE807425216B510059F3E5 /* AnalysisView.swift */ = {isa = PBXFileReference; lastKnownFileType = sourcecode.swift; path = AnalysisView.swift; sourceTree = "<group>"; };
		E3AE8080252223F70059F3E5 /* AllergenSelectionView.swift */ = {isa = PBXFileReference; lastKnownFileType = sourcecode.swift; path = AllergenSelectionView.swift; sourceTree = "<group>"; };
		E3AE808E252227C70059F3E5 /* UserData.swift */ = {isa = PBXFileReference; lastKnownFileType = sourcecode.swift; path = UserData.swift; sourceTree = "<group>"; };
		E3AE8099252298AC0059F3E5 /* SearchBar.swift */ = {isa = PBXFileReference; lastKnownFileType = sourcecode.swift; path = SearchBar.swift; sourceTree = "<group>"; };
		E3AE80A125229D0E0059F3E5 /* ScanRow.swift */ = {isa = PBXFileReference; lastKnownFileType = sourcecode.swift; path = ScanRow.swift; sourceTree = "<group>"; };
		E3E56FBE252410BD005F8D32 /* FloatingScanButton.swift */ = {isa = PBXFileReference; lastKnownFileType = sourcecode.swift; path = FloatingScanButton.swift; sourceTree = "<group>"; };
		E3E56FC625241259005F8D32 /* BarcodeScanButton.swift */ = {isa = PBXFileReference; lastKnownFileType = sourcecode.swift; path = BarcodeScanButton.swift; sourceTree = "<group>"; };
		E3E56FCB25241294005F8D32 /* IngredientsScanButton.swift */ = {isa = PBXFileReference; lastKnownFileType = sourcecode.swift; path = IngredientsScanButton.swift; sourceTree = "<group>"; };
/* End PBXFileReference section */

/* Begin PBXFrameworksBuildPhase section */
		E3AE7FB4252162900059F3E5 /* Frameworks */ = {
			isa = PBXFrameworksBuildPhase;
			buildActionMask = 2147483647;
			files = (
			);
			runOnlyForDeploymentPostprocessing = 0;
		};
		E3AE7FCD252162980059F3E5 /* Frameworks */ = {
			isa = PBXFrameworksBuildPhase;
			buildActionMask = 2147483647;
			files = (
			);
			runOnlyForDeploymentPostprocessing = 0;
		};
		E3AE7FD8252162980059F3E5 /* Frameworks */ = {
			isa = PBXFrameworksBuildPhase;
			buildActionMask = 2147483647;
			files = (
			);
			runOnlyForDeploymentPostprocessing = 0;
		};
/* End PBXFrameworksBuildPhase section */

/* Begin PBXGroup section */
		E329745D2526B0FA00E451FA /* Allergen */ = {
			isa = PBXGroup;
			children = (
				E32974762526BA4600E451FA /* Allergen+CoreDataClass.swift */,
				E32974772526BA4600E451FA /* Allergen+CoreDataProperties.swift */,
			);
			path = Allergen;
			sourceTree = "<group>";
		};
		E329745E2526B10300E451FA /* Scan */ = {
			isa = PBXGroup;
			children = (
				E3796B2C252E776A00C21101 /* Scan+CoreDataClass.swift */,
				E3796B2D252E776A00C21101 /* Scan+CoreDataProperties.swift */,
			);
			path = Scan;
			sourceTree = "<group>";
		};
		E32974652526B9CE00E451FA /* ScannedAllergen */ = {
			isa = PBXGroup;
			children = (
				E32974812526BA8100E451FA /* ScannedAllergen+CoreDataClass.swift */,
				E32974822526BA8100E451FA /* ScannedAllergen+CoreDataProperties.swift */,
			);
			path = ScannedAllergen;
			sourceTree = "<group>";
		};
		E32B90FF2524C6F000615CB7 /* Loading Views */ = {
			isa = PBXGroup;
			children = (
				E32B91002524C70900615CB7 /* CameraLoadingAnimation.swift */,
			);
			path = "Loading Views";
			sourceTree = "<group>";
		};
		E3796B28252E76CF00C21101 /* Nutrient */ = {
			isa = PBXGroup;
			children = (
				E3796B21252E76C600C21101 /* Nutrient+CoreDataClass.swift */,
				E3796B22252E76C600C21101 /* Nutrient+CoreDataProperties.swift */,
			);
			path = Nutrient;
			sourceTree = "<group>";
		};
		E3AE7FAE252162900059F3E5 = {
			isa = PBXGroup;
			children = (
				E3AE7FB9252162900059F3E5 /* EoE */,
				E3AE7FD3252162980059F3E5 /* EoETests */,
				E3AE7FDE252162980059F3E5 /* EoEUITests */,
				E3AE7FB8252162900059F3E5 /* Products */,
			);
			sourceTree = "<group>";
		};
		E3AE7FB8252162900059F3E5 /* Products */ = {
			isa = PBXGroup;
			children = (
				E3AE7FB7252162900059F3E5 /* EoE.app */,
				E3AE7FD0252162980059F3E5 /* EoETests.xctest */,
				E3AE7FDB252162980059F3E5 /* EoEUITests.xctest */,
			);
			name = Products;
			sourceTree = "<group>";
		};
		E3AE7FB9252162900059F3E5 /* EoE */ = {
			isa = PBXGroup;
			children = (
				E3AE7FBC252162900059F3E5 /* SceneDelegate.swift */,
				E3AE7FC0252162900059F3E5 /* EoE.xcdatamodeld */,
				E3AE7FF1252162D00059F3E5 /* Models */,
				E3AE7FF4252162FA0059F3E5 /* Networking */,
				E3AE7FF5252163020059F3E5 /* Scanners */,
				E3AE7FF0252162C20059F3E5 /* Views */,
				E3AE7FF7252163200059F3E5 /* Supporting */,
				E3AE7FF62521630F0059F3E5 /* Extensions */,
				E3AE7FC5252162970059F3E5 /* Preview Content */,
			);
			path = EoE;
			sourceTree = "<group>";
		};
		E3AE7FC5252162970059F3E5 /* Preview Content */ = {
			isa = PBXGroup;
			children = (
				E3AE7FC6252162970059F3E5 /* Preview Assets.xcassets */,
			);
			path = "Preview Content";
			sourceTree = "<group>";
		};
		E3AE7FD3252162980059F3E5 /* EoETests */ = {
			isa = PBXGroup;
			children = (
				E3AE7FD4252162980059F3E5 /* EoETests.swift */,
				E3AE7FD6252162980059F3E5 /* Info.plist */,
			);
			path = EoETests;
			sourceTree = "<group>";
		};
		E3AE7FDE252162980059F3E5 /* EoEUITests */ = {
			isa = PBXGroup;
			children = (
				E3AE7FDF252162980059F3E5 /* EoEUITests.swift */,
				E3AE7FE1252162980059F3E5 /* Info.plist */,
			);
			path = EoEUITests;
			sourceTree = "<group>";
		};
		E3AE7FF0252162C20059F3E5 /* Views */ = {
			isa = PBXGroup;
			children = (
				E3AE7FBE252162900059F3E5 /* ContentView.swift */,
				E3AE807F252223CB0059F3E5 /* Food Diary Views */,
				E3AE807E252223C50059F3E5 /* Scan Views */,
				E3AE807D252223B90059F3E5 /* Analysis Views */,
				E3AE807C252223AA0059F3E5 /* Settings Views */,
				E3AE8051252167AA0059F3E5 /* Camera */,
				E3AE8042252166A10059F3E5 /* SubViews */,
			);
			path = Views;
			sourceTree = "<group>";
		};
		E3AE7FF1252162D00059F3E5 /* Models */ = {
			isa = PBXGroup;
			children = (
				E3796B28252E76CF00C21101 /* Nutrient */,
				E329745E2526B10300E451FA /* Scan */,
				E329745D2526B0FA00E451FA /* Allergen */,
				E32974652526B9CE00E451FA /* ScannedAllergen */,
				E3AE7FF3252162E20059F3E5 /* Product */,
				E3AE7FF2252162D80059F3E5 /* Data */,
				E3AE8017252164C20059F3E5 /* Allergen.swift */,
			);
			path = Models;
			sourceTree = "<group>";
		};
		E3AE7FF2252162D80059F3E5 /* Data */ = {
			isa = PBXGroup;
			children = (
				E3AE800D252164810059F3E5 /* Errors.swift */,
				E3AE8012252164A30059F3E5 /* ScanningProcess.swift */,
				E3AE808E252227C70059F3E5 /* UserData.swift */,
			);
			path = Data;
			sourceTree = "<group>";
		};
		E3AE7FF3252162E20059F3E5 /* Product */ = {
			isa = PBXGroup;
			children = (
				E3AE7FFE2521640C0059F3E5 /* ProductSearch.swift */,
				E3AE8003252164220059F3E5 /* ProductResult.swift */,
			);
			path = Product;
			sourceTree = "<group>";
		};
		E3AE7FF4252162FA0059F3E5 /* Networking */ = {
			isa = PBXGroup;
			children = (
				E3AE8008252164480059F3E5 /* NetworkManager.swift */,
			);
			path = Networking;
			sourceTree = "<group>";
		};
		E3AE7FF5252163020059F3E5 /* Scanners */ = {
			isa = PBXGroup;
			children = (
				E3AE8032252166360059F3E5 /* Custom Camera */,
				E3AE802C252165B60059F3E5 /* Ingredients List Scanner */,
				E3AE8021252165280059F3E5 /* Barcode Scanner */,
				E3AE801C252164ED0059F3E5 /* AllergenDetection.swift */,
			);
			path = Scanners;
			sourceTree = "<group>";
		};
		E3AE7FF62521630F0059F3E5 /* Extensions */ = {
			isa = PBXGroup;
			children = (
				E3AE805A252168770059F3E5 /* Extensions.swift */,
			);
			path = Extensions;
			sourceTree = "<group>";
		};
		E3AE7FF7252163200059F3E5 /* Supporting */ = {
			isa = PBXGroup;
			children = (
				E3AE7FBA252162900059F3E5 /* AppDelegate.swift */,
				E3AE7FC3252162970059F3E5 /* Assets.xcassets */,
				E3AE7FC8252162970059F3E5 /* LaunchScreen.storyboard */,
				E3AE7FCB252162970059F3E5 /* Info.plist */,
			);
			path = Supporting;
			sourceTree = "<group>";
		};
		E3AE8021252165280059F3E5 /* Barcode Scanner */ = {
			isa = PBXGroup;
			children = (
				E3AE8022252165350059F3E5 /* BarcodeScannerView.swift */,
				E3AE80272521658C0059F3E5 /* BarcodeScannerViewRepresentable.swift */,
			);
			path = "Barcode Scanner";
			sourceTree = "<group>";
		};
		E3AE802C252165B60059F3E5 /* Ingredients List Scanner */ = {
			isa = PBXGroup;
			children = (
				E3AE802D252165C30059F3E5 /* ImageProcessor.swift */,
			);
			path = "Ingredients List Scanner";
			sourceTree = "<group>";
		};
		E3AE8032252166360059F3E5 /* Custom Camera */ = {
			isa = PBXGroup;
			children = (
				E3AE8033252166460059F3E5 /* CameraView.swift */,
				E3AE8038252166670059F3E5 /* CameraRepresentable.swift */,
				E3AE803D2521667E0059F3E5 /* CameraController.swift */,
			);
			path = "Custom Camera";
			sourceTree = "<group>";
		};
		E3AE8042252166A10059F3E5 /* SubViews */ = {
			isa = PBXGroup;
			children = (
				E32B90FF2524C6F000615CB7 /* Loading Views */,
				E3E56FBD252410A4005F8D32 /* Floating Buttons */,
				E3AE80982522989F0059F3E5 /* Search Bar */,
				E3AE8043252166AD0059F3E5 /* Scanner Bottom Bars */,
			);
			path = SubViews;
			sourceTree = "<group>";
		};
		E3AE8043252166AD0059F3E5 /* Scanner Bottom Bars */ = {
			isa = PBXGroup;
			children = (
				E3AE8044252166E80059F3E5 /* BarcodeBottomBar.swift */,
				E3AE804C2521675F0059F3E5 /* CameraBottomBar.swift */,
			);
			path = "Scanner Bottom Bars";
			sourceTree = "<group>";
		};
		E3AE8051252167AA0059F3E5 /* Camera */ = {
			isa = PBXGroup;
			children = (
				E3AE8052252167B90059F3E5 /* ImagePicker.swift */,
			);
			path = Camera;
			sourceTree = "<group>";
		};
		E3AE807C252223AA0059F3E5 /* Settings Views */ = {
			isa = PBXGroup;
			children = (
				E3AE805F25216B010059F3E5 /* SettingsView.swift */,
				E3AE8080252223F70059F3E5 /* AllergenSelectionView.swift */,
			);
			path = "Settings Views";
			sourceTree = "<group>";
		};
		E3AE807D252223B90059F3E5 /* Analysis Views */ = {
			isa = PBXGroup;
			children = (
				E3AE807425216B510059F3E5 /* AnalysisView.swift */,
			);
			path = "Analysis Views";
			sourceTree = "<group>";
		};
		E3AE807E252223C50059F3E5 /* Scan Views */ = {
			isa = PBXGroup;
			children = (
				E3AE806C25216B230059F3E5 /* ScanView.swift */,
				E3AE80A125229D0E0059F3E5 /* ScanRow.swift */,
				E32B91082524DBC800615CB7 /* ProductView.swift */,
				E3796B392530D7FD00C21101 /* ResultView.swift */,
			);
			path = "Scan Views";
			sourceTree = "<group>";
		};
		E3AE807F252223CB0059F3E5 /* Food Diary Views */ = {
			isa = PBXGroup;
			children = (
				E3AE806425216B130059F3E5 /* FoodDiaryView.swift */,
			);
			path = "Food Diary Views";
			sourceTree = "<group>";
		};
		E3AE80982522989F0059F3E5 /* Search Bar */ = {
			isa = PBXGroup;
			children = (
				E3AE8099252298AC0059F3E5 /* SearchBar.swift */,
			);
			path = "Search Bar";
			sourceTree = "<group>";
		};
		E3E56FBD252410A4005F8D32 /* Floating Buttons */ = {
			isa = PBXGroup;
			children = (
				E3E56FBE252410BD005F8D32 /* FloatingScanButton.swift */,
				E3E56FC625241259005F8D32 /* BarcodeScanButton.swift */,
				E3E56FCB25241294005F8D32 /* IngredientsScanButton.swift */,
			);
			path = "Floating Buttons";
			sourceTree = "<group>";
		};
/* End PBXGroup section */

/* Begin PBXNativeTarget section */
		E3AE7FB6252162900059F3E5 /* EoE */ = {
			isa = PBXNativeTarget;
			buildConfigurationList = E3AE7FE4252162980059F3E5 /* Build configuration list for PBXNativeTarget "EoE" */;
			buildPhases = (
				E3AE7FB3252162900059F3E5 /* Sources */,
				E3AE7FB4252162900059F3E5 /* Frameworks */,
				E3AE7FB5252162900059F3E5 /* Resources */,
			);
			buildRules = (
			);
			dependencies = (
			);
			name = EoE;
			productName = EoE;
			productReference = E3AE7FB7252162900059F3E5 /* EoE.app */;
			productType = "com.apple.product-type.application";
		};
		E3AE7FCF252162980059F3E5 /* EoETests */ = {
			isa = PBXNativeTarget;
			buildConfigurationList = E3AE7FE7252162980059F3E5 /* Build configuration list for PBXNativeTarget "EoETests" */;
			buildPhases = (
				E3AE7FCC252162980059F3E5 /* Sources */,
				E3AE7FCD252162980059F3E5 /* Frameworks */,
				E3AE7FCE252162980059F3E5 /* Resources */,
			);
			buildRules = (
			);
			dependencies = (
				E3AE7FD2252162980059F3E5 /* PBXTargetDependency */,
			);
			name = EoETests;
			productName = EoETests;
			productReference = E3AE7FD0252162980059F3E5 /* EoETests.xctest */;
			productType = "com.apple.product-type.bundle.unit-test";
		};
		E3AE7FDA252162980059F3E5 /* EoEUITests */ = {
			isa = PBXNativeTarget;
			buildConfigurationList = E3AE7FEA252162980059F3E5 /* Build configuration list for PBXNativeTarget "EoEUITests" */;
			buildPhases = (
				E3AE7FD7252162980059F3E5 /* Sources */,
				E3AE7FD8252162980059F3E5 /* Frameworks */,
				E3AE7FD9252162980059F3E5 /* Resources */,
			);
			buildRules = (
			);
			dependencies = (
				E3AE7FDD252162980059F3E5 /* PBXTargetDependency */,
			);
			name = EoEUITests;
			productName = EoEUITests;
			productReference = E3AE7FDB252162980059F3E5 /* EoEUITests.xctest */;
			productType = "com.apple.product-type.bundle.ui-testing";
		};
/* End PBXNativeTarget section */

/* Begin PBXProject section */
		E3AE7FAF252162900059F3E5 /* Project object */ = {
			isa = PBXProject;
			attributes = {
				LastSwiftUpdateCheck = 1200;
				LastUpgradeCheck = 1200;
				TargetAttributes = {
					E3AE7FB6252162900059F3E5 = {
						CreatedOnToolsVersion = 12.0;
					};
					E3AE7FCF252162980059F3E5 = {
						CreatedOnToolsVersion = 12.0;
						TestTargetID = E3AE7FB6252162900059F3E5;
					};
					E3AE7FDA252162980059F3E5 = {
						CreatedOnToolsVersion = 12.0;
						TestTargetID = E3AE7FB6252162900059F3E5;
					};
				};
			};
			buildConfigurationList = E3AE7FB2252162900059F3E5 /* Build configuration list for PBXProject "EoE" */;
			compatibilityVersion = "Xcode 9.3";
			developmentRegion = en;
			hasScannedForEncodings = 0;
			knownRegions = (
				en,
				Base,
			);
			mainGroup = E3AE7FAE252162900059F3E5;
			productRefGroup = E3AE7FB8252162900059F3E5 /* Products */;
			projectDirPath = "";
			projectRoot = "";
			targets = (
				E3AE7FB6252162900059F3E5 /* EoE */,
				E3AE7FCF252162980059F3E5 /* EoETests */,
				E3AE7FDA252162980059F3E5 /* EoEUITests */,
			);
		};
/* End PBXProject section */

/* Begin PBXResourcesBuildPhase section */
		E3AE7FB5252162900059F3E5 /* Resources */ = {
			isa = PBXResourcesBuildPhase;
			buildActionMask = 2147483647;
			files = (
				E3AE7FCA252162970059F3E5 /* LaunchScreen.storyboard in Resources */,
				E3AE7FC7252162970059F3E5 /* Preview Assets.xcassets in Resources */,
				E3AE7FC4252162970059F3E5 /* Assets.xcassets in Resources */,
			);
			runOnlyForDeploymentPostprocessing = 0;
		};
		E3AE7FCE252162980059F3E5 /* Resources */ = {
			isa = PBXResourcesBuildPhase;
			buildActionMask = 2147483647;
			files = (
			);
			runOnlyForDeploymentPostprocessing = 0;
		};
		E3AE7FD9252162980059F3E5 /* Resources */ = {
			isa = PBXResourcesBuildPhase;
			buildActionMask = 2147483647;
			files = (
			);
			runOnlyForDeploymentPostprocessing = 0;
		};
/* End PBXResourcesBuildPhase section */

/* Begin PBXSourcesBuildPhase section */
		E3AE7FB3252162900059F3E5 /* Sources */ = {
			isa = PBXSourcesBuildPhase;
			buildActionMask = 2147483647;
			files = (
				E32974842526BA8100E451FA /* ScannedAllergen+CoreDataProperties.swift in Sources */,
				E3796B23252E76C600C21101 /* Nutrient+CoreDataClass.swift in Sources */,
				E3AE8023252165350059F3E5 /* BarcodeScannerView.swift in Sources */,
				E3AE7FBB252162900059F3E5 /* AppDelegate.swift in Sources */,
				E3796B2F252E776A00C21101 /* Scan+CoreDataProperties.swift in Sources */,
				E3796B24252E76C600C21101 /* Nutrient+CoreDataProperties.swift in Sources */,
				E3AE804D2521675F0059F3E5 /* CameraBottomBar.swift in Sources */,
				E3E56FC725241259005F8D32 /* BarcodeScanButton.swift in Sources */,
				E3AE7FC2252162900059F3E5 /* EoE.xcdatamodeld in Sources */,
				E3AE8034252166460059F3E5 /* CameraView.swift in Sources */,
				E3AE801D252164ED0059F3E5 /* AllergenDetection.swift in Sources */,
				E32974832526BA8100E451FA /* ScannedAllergen+CoreDataClass.swift in Sources */,
				E3E56FCC25241294005F8D32 /* IngredientsScanButton.swift in Sources */,
				E3AE802E252165C30059F3E5 /* ImageProcessor.swift in Sources */,
				E3AE8004252164220059F3E5 /* ProductResult.swift in Sources */,
				E3796B3A2530D7FD00C21101 /* ResultView.swift in Sources */,
				E3AE8009252164480059F3E5 /* NetworkManager.swift in Sources */,
				E3AE8081252223F70059F3E5 /* AllergenSelectionView.swift in Sources */,
				E3AE800E252164810059F3E5 /* Errors.swift in Sources */,
				E3AE8045252166E80059F3E5 /* BarcodeBottomBar.swift in Sources */,
				E3AE8039252166670059F3E5 /* CameraRepresentable.swift in Sources */,
				E3AE807525216B510059F3E5 /* AnalysisView.swift in Sources */,
				E3AE806525216B130059F3E5 /* FoodDiaryView.swift in Sources */,
				E329747A2526BA4600E451FA /* Allergen+CoreDataClass.swift in Sources */,
				E329747B2526BA4600E451FA /* Allergen+CoreDataProperties.swift in Sources */,
				E3AE8018252164C20059F3E5 /* Allergen.swift in Sources */,
				E3AE805B252168770059F3E5 /* Extensions.swift in Sources */,
				E3AE7FBD252162900059F3E5 /* SceneDelegate.swift in Sources */,
				E3AE809A252298AD0059F3E5 /* SearchBar.swift in Sources */,
				E3AE80282521658C0059F3E5 /* BarcodeScannerViewRepresentable.swift in Sources */,
				E3AE806D25216B230059F3E5 /* ScanView.swift in Sources */,
				E3AE8013252164A30059F3E5 /* ScanningProcess.swift in Sources */,
				E3E56FBF252410BD005F8D32 /* FloatingScanButton.swift in Sources */,
				E32B91092524DBC800615CB7 /* ProductView.swift in Sources */,
				E3AE808F252227C70059F3E5 /* UserData.swift in Sources */,
				E3796B2E252E776A00C21101 /* Scan+CoreDataClass.swift in Sources */,
				E3AE7FFF2521640C0059F3E5 /* ProductSearch.swift in Sources */,
				E3AE8053252167B90059F3E5 /* ImagePicker.swift in Sources */,
				E3AE80A225229D0E0059F3E5 /* ScanRow.swift in Sources */,
				E3AE803E2521667E0059F3E5 /* CameraController.swift in Sources */,
				E32B91012524C70900615CB7 /* CameraLoadingAnimation.swift in Sources */,
				E3AE7FBF252162900059F3E5 /* ContentView.swift in Sources */,
				E3AE806025216B010059F3E5 /* SettingsView.swift in Sources */,
			);
			runOnlyForDeploymentPostprocessing = 0;
		};
		E3AE7FCC252162980059F3E5 /* Sources */ = {
			isa = PBXSourcesBuildPhase;
			buildActionMask = 2147483647;
			files = (
				E3AE7FD5252162980059F3E5 /* EoETests.swift in Sources */,
			);
			runOnlyForDeploymentPostprocessing = 0;
		};
		E3AE7FD7252162980059F3E5 /* Sources */ = {
			isa = PBXSourcesBuildPhase;
			buildActionMask = 2147483647;
			files = (
				E3AE7FE0252162980059F3E5 /* EoEUITests.swift in Sources */,
			);
			runOnlyForDeploymentPostprocessing = 0;
		};
/* End PBXSourcesBuildPhase section */

/* Begin PBXTargetDependency section */
		E3AE7FD2252162980059F3E5 /* PBXTargetDependency */ = {
			isa = PBXTargetDependency;
			target = E3AE7FB6252162900059F3E5 /* EoE */;
			targetProxy = E3AE7FD1252162980059F3E5 /* PBXContainerItemProxy */;
		};
		E3AE7FDD252162980059F3E5 /* PBXTargetDependency */ = {
			isa = PBXTargetDependency;
			target = E3AE7FB6252162900059F3E5 /* EoE */;
			targetProxy = E3AE7FDC252162980059F3E5 /* PBXContainerItemProxy */;
		};
/* End PBXTargetDependency section */

/* Begin PBXVariantGroup section */
		E3AE7FC8252162970059F3E5 /* LaunchScreen.storyboard */ = {
			isa = PBXVariantGroup;
			children = (
				E3AE7FC9252162970059F3E5 /* Base */,
			);
			name = LaunchScreen.storyboard;
			sourceTree = "<group>";
		};
/* End PBXVariantGroup section */

/* Begin XCBuildConfiguration section */
		E3AE7FE2252162980059F3E5 /* Debug */ = {
			isa = XCBuildConfiguration;
			buildSettings = {
				ALWAYS_SEARCH_USER_PATHS = NO;
				CLANG_ANALYZER_NONNULL = YES;
				CLANG_ANALYZER_NUMBER_OBJECT_CONVERSION = YES_AGGRESSIVE;
				CLANG_CXX_LANGUAGE_STANDARD = "gnu++14";
				CLANG_CXX_LIBRARY = "libc++";
				CLANG_ENABLE_MODULES = YES;
				CLANG_ENABLE_OBJC_ARC = YES;
				CLANG_ENABLE_OBJC_WEAK = YES;
				CLANG_WARN_BLOCK_CAPTURE_AUTORELEASING = YES;
				CLANG_WARN_BOOL_CONVERSION = YES;
				CLANG_WARN_COMMA = YES;
				CLANG_WARN_CONSTANT_CONVERSION = YES;
				CLANG_WARN_DEPRECATED_OBJC_IMPLEMENTATIONS = YES;
				CLANG_WARN_DIRECT_OBJC_ISA_USAGE = YES_ERROR;
				CLANG_WARN_DOCUMENTATION_COMMENTS = YES;
				CLANG_WARN_EMPTY_BODY = YES;
				CLANG_WARN_ENUM_CONVERSION = YES;
				CLANG_WARN_INFINITE_RECURSION = YES;
				CLANG_WARN_INT_CONVERSION = YES;
				CLANG_WARN_NON_LITERAL_NULL_CONVERSION = YES;
				CLANG_WARN_OBJC_IMPLICIT_RETAIN_SELF = YES;
				CLANG_WARN_OBJC_LITERAL_CONVERSION = YES;
				CLANG_WARN_OBJC_ROOT_CLASS = YES_ERROR;
				CLANG_WARN_QUOTED_INCLUDE_IN_FRAMEWORK_HEADER = YES;
				CLANG_WARN_RANGE_LOOP_ANALYSIS = YES;
				CLANG_WARN_STRICT_PROTOTYPES = YES;
				CLANG_WARN_SUSPICIOUS_MOVE = YES;
				CLANG_WARN_UNGUARDED_AVAILABILITY = YES_AGGRESSIVE;
				CLANG_WARN_UNREACHABLE_CODE = YES;
				CLANG_WARN__DUPLICATE_METHOD_MATCH = YES;
				COPY_PHASE_STRIP = NO;
				DEBUG_INFORMATION_FORMAT = dwarf;
				ENABLE_STRICT_OBJC_MSGSEND = YES;
				ENABLE_TESTABILITY = YES;
				GCC_C_LANGUAGE_STANDARD = gnu11;
				GCC_DYNAMIC_NO_PIC = NO;
				GCC_NO_COMMON_BLOCKS = YES;
				GCC_OPTIMIZATION_LEVEL = 0;
				GCC_PREPROCESSOR_DEFINITIONS = (
					"DEBUG=1",
					"$(inherited)",
				);
				GCC_WARN_64_TO_32_BIT_CONVERSION = YES;
				GCC_WARN_ABOUT_RETURN_TYPE = YES_ERROR;
				GCC_WARN_UNDECLARED_SELECTOR = YES;
				GCC_WARN_UNINITIALIZED_AUTOS = YES_AGGRESSIVE;
				GCC_WARN_UNUSED_FUNCTION = YES;
				GCC_WARN_UNUSED_VARIABLE = YES;
				IPHONEOS_DEPLOYMENT_TARGET = 14.0;
				MTL_ENABLE_DEBUG_INFO = INCLUDE_SOURCE;
				MTL_FAST_MATH = YES;
				ONLY_ACTIVE_ARCH = YES;
				SDKROOT = iphoneos;
				SWIFT_ACTIVE_COMPILATION_CONDITIONS = DEBUG;
				SWIFT_OPTIMIZATION_LEVEL = "-Onone";
			};
			name = Debug;
		};
		E3AE7FE3252162980059F3E5 /* Release */ = {
			isa = XCBuildConfiguration;
			buildSettings = {
				ALWAYS_SEARCH_USER_PATHS = NO;
				CLANG_ANALYZER_NONNULL = YES;
				CLANG_ANALYZER_NUMBER_OBJECT_CONVERSION = YES_AGGRESSIVE;
				CLANG_CXX_LANGUAGE_STANDARD = "gnu++14";
				CLANG_CXX_LIBRARY = "libc++";
				CLANG_ENABLE_MODULES = YES;
				CLANG_ENABLE_OBJC_ARC = YES;
				CLANG_ENABLE_OBJC_WEAK = YES;
				CLANG_WARN_BLOCK_CAPTURE_AUTORELEASING = YES;
				CLANG_WARN_BOOL_CONVERSION = YES;
				CLANG_WARN_COMMA = YES;
				CLANG_WARN_CONSTANT_CONVERSION = YES;
				CLANG_WARN_DEPRECATED_OBJC_IMPLEMENTATIONS = YES;
				CLANG_WARN_DIRECT_OBJC_ISA_USAGE = YES_ERROR;
				CLANG_WARN_DOCUMENTATION_COMMENTS = YES;
				CLANG_WARN_EMPTY_BODY = YES;
				CLANG_WARN_ENUM_CONVERSION = YES;
				CLANG_WARN_INFINITE_RECURSION = YES;
				CLANG_WARN_INT_CONVERSION = YES;
				CLANG_WARN_NON_LITERAL_NULL_CONVERSION = YES;
				CLANG_WARN_OBJC_IMPLICIT_RETAIN_SELF = YES;
				CLANG_WARN_OBJC_LITERAL_CONVERSION = YES;
				CLANG_WARN_OBJC_ROOT_CLASS = YES_ERROR;
				CLANG_WARN_QUOTED_INCLUDE_IN_FRAMEWORK_HEADER = YES;
				CLANG_WARN_RANGE_LOOP_ANALYSIS = YES;
				CLANG_WARN_STRICT_PROTOTYPES = YES;
				CLANG_WARN_SUSPICIOUS_MOVE = YES;
				CLANG_WARN_UNGUARDED_AVAILABILITY = YES_AGGRESSIVE;
				CLANG_WARN_UNREACHABLE_CODE = YES;
				CLANG_WARN__DUPLICATE_METHOD_MATCH = YES;
				COPY_PHASE_STRIP = NO;
				DEBUG_INFORMATION_FORMAT = "dwarf-with-dsym";
				ENABLE_NS_ASSERTIONS = NO;
				ENABLE_STRICT_OBJC_MSGSEND = YES;
				GCC_C_LANGUAGE_STANDARD = gnu11;
				GCC_NO_COMMON_BLOCKS = YES;
				GCC_WARN_64_TO_32_BIT_CONVERSION = YES;
				GCC_WARN_ABOUT_RETURN_TYPE = YES_ERROR;
				GCC_WARN_UNDECLARED_SELECTOR = YES;
				GCC_WARN_UNINITIALIZED_AUTOS = YES_AGGRESSIVE;
				GCC_WARN_UNUSED_FUNCTION = YES;
				GCC_WARN_UNUSED_VARIABLE = YES;
				IPHONEOS_DEPLOYMENT_TARGET = 14.0;
				MTL_ENABLE_DEBUG_INFO = NO;
				MTL_FAST_MATH = YES;
				SDKROOT = iphoneos;
				SWIFT_COMPILATION_MODE = wholemodule;
				SWIFT_OPTIMIZATION_LEVEL = "-O";
				VALIDATE_PRODUCT = YES;
			};
			name = Release;
		};
		E3AE7FE5252162980059F3E5 /* Debug */ = {
			isa = XCBuildConfiguration;
			buildSettings = {
				ASSETCATALOG_COMPILER_APPICON_NAME = AppIcon;
				ASSETCATALOG_COMPILER_GLOBAL_ACCENT_COLOR_NAME = AccentColor;
				CODE_SIGN_STYLE = Automatic;
				DEVELOPMENT_ASSET_PATHS = "\"EoE/Preview Content\"";
				DEVELOPMENT_TEAM = NQX94FAFJ8;
				ENABLE_PREVIEWS = YES;
				INFOPLIST_FILE = EoE/Supporting/Info.plist;
				LD_RUNPATH_SEARCH_PATHS = (
					"$(inherited)",
					"@executable_path/Frameworks",
				);
				PRODUCT_BUNDLE_IDENTIFIER = com.dakshindevanand.EoE;
				PRODUCT_NAME = "$(TARGET_NAME)";
				SWIFT_VERSION = 5.0;
				TARGETED_DEVICE_FAMILY = "1,2";
			};
			name = Debug;
		};
		E3AE7FE6252162980059F3E5 /* Release */ = {
			isa = XCBuildConfiguration;
			buildSettings = {
				ASSETCATALOG_COMPILER_APPICON_NAME = AppIcon;
				ASSETCATALOG_COMPILER_GLOBAL_ACCENT_COLOR_NAME = AccentColor;
				CODE_SIGN_STYLE = Automatic;
				DEVELOPMENT_ASSET_PATHS = "\"EoE/Preview Content\"";
				DEVELOPMENT_TEAM = NQX94FAFJ8;
				ENABLE_PREVIEWS = YES;
				INFOPLIST_FILE = EoE/Supporting/Info.plist;
				LD_RUNPATH_SEARCH_PATHS = (
					"$(inherited)",
					"@executable_path/Frameworks",
				);
				PRODUCT_BUNDLE_IDENTIFIER = com.dakshindevanand.EoE;
				PRODUCT_NAME = "$(TARGET_NAME)";
				SWIFT_VERSION = 5.0;
				TARGETED_DEVICE_FAMILY = "1,2";
			};
			name = Release;
		};
		E3AE7FE8252162980059F3E5 /* Debug */ = {
			isa = XCBuildConfiguration;
			buildSettings = {
				ALWAYS_EMBED_SWIFT_STANDARD_LIBRARIES = YES;
				BUNDLE_LOADER = "$(TEST_HOST)";
				CODE_SIGN_STYLE = Automatic;
				DEVELOPMENT_TEAM = NQX94FAFJ8;
				INFOPLIST_FILE = EoETests/Info.plist;
				IPHONEOS_DEPLOYMENT_TARGET = 14.0;
				LD_RUNPATH_SEARCH_PATHS = (
					"$(inherited)",
					"@executable_path/Frameworks",
					"@loader_path/Frameworks",
				);
				PRODUCT_BUNDLE_IDENTIFIER = com.dakshindevanand.EoETests;
				PRODUCT_NAME = "$(TARGET_NAME)";
				SWIFT_VERSION = 5.0;
				TARGETED_DEVICE_FAMILY = "1,2";
				TEST_HOST = "$(BUILT_PRODUCTS_DIR)/EoE.app/EoE";
			};
			name = Debug;
		};
		E3AE7FE9252162980059F3E5 /* Release */ = {
			isa = XCBuildConfiguration;
			buildSettings = {
				ALWAYS_EMBED_SWIFT_STANDARD_LIBRARIES = YES;
				BUNDLE_LOADER = "$(TEST_HOST)";
				CODE_SIGN_STYLE = Automatic;
				DEVELOPMENT_TEAM = NQX94FAFJ8;
				INFOPLIST_FILE = EoETests/Info.plist;
				IPHONEOS_DEPLOYMENT_TARGET = 14.0;
				LD_RUNPATH_SEARCH_PATHS = (
					"$(inherited)",
					"@executable_path/Frameworks",
					"@loader_path/Frameworks",
				);
				PRODUCT_BUNDLE_IDENTIFIER = com.dakshindevanand.EoETests;
				PRODUCT_NAME = "$(TARGET_NAME)";
				SWIFT_VERSION = 5.0;
				TARGETED_DEVICE_FAMILY = "1,2";
				TEST_HOST = "$(BUILT_PRODUCTS_DIR)/EoE.app/EoE";
			};
			name = Release;
		};
		E3AE7FEB252162980059F3E5 /* Debug */ = {
			isa = XCBuildConfiguration;
			buildSettings = {
				ALWAYS_EMBED_SWIFT_STANDARD_LIBRARIES = YES;
				CODE_SIGN_STYLE = Automatic;
				DEVELOPMENT_TEAM = NQX94FAFJ8;
				INFOPLIST_FILE = EoEUITests/Info.plist;
				LD_RUNPATH_SEARCH_PATHS = (
					"$(inherited)",
					"@executable_path/Frameworks",
					"@loader_path/Frameworks",
				);
				PRODUCT_BUNDLE_IDENTIFIER = com.dakshindevanand.EoEUITests;
				PRODUCT_NAME = "$(TARGET_NAME)";
				SWIFT_VERSION = 5.0;
				TARGETED_DEVICE_FAMILY = "1,2";
				TEST_TARGET_NAME = EoE;
			};
			name = Debug;
		};
		E3AE7FEC252162980059F3E5 /* Release */ = {
			isa = XCBuildConfiguration;
			buildSettings = {
				ALWAYS_EMBED_SWIFT_STANDARD_LIBRARIES = YES;
				CODE_SIGN_STYLE = Automatic;
				DEVELOPMENT_TEAM = NQX94FAFJ8;
				INFOPLIST_FILE = EoEUITests/Info.plist;
				LD_RUNPATH_SEARCH_PATHS = (
					"$(inherited)",
					"@executable_path/Frameworks",
					"@loader_path/Frameworks",
				);
				PRODUCT_BUNDLE_IDENTIFIER = com.dakshindevanand.EoEUITests;
				PRODUCT_NAME = "$(TARGET_NAME)";
				SWIFT_VERSION = 5.0;
				TARGETED_DEVICE_FAMILY = "1,2";
				TEST_TARGET_NAME = EoE;
			};
			name = Release;
		};
/* End XCBuildConfiguration section */

/* Begin XCConfigurationList section */
		E3AE7FB2252162900059F3E5 /* Build configuration list for PBXProject "EoE" */ = {
			isa = XCConfigurationList;
			buildConfigurations = (
				E3AE7FE2252162980059F3E5 /* Debug */,
				E3AE7FE3252162980059F3E5 /* Release */,
			);
			defaultConfigurationIsVisible = 0;
			defaultConfigurationName = Release;
		};
		E3AE7FE4252162980059F3E5 /* Build configuration list for PBXNativeTarget "EoE" */ = {
			isa = XCConfigurationList;
			buildConfigurations = (
				E3AE7FE5252162980059F3E5 /* Debug */,
				E3AE7FE6252162980059F3E5 /* Release */,
			);
			defaultConfigurationIsVisible = 0;
			defaultConfigurationName = Release;
		};
		E3AE7FE7252162980059F3E5 /* Build configuration list for PBXNativeTarget "EoETests" */ = {
			isa = XCConfigurationList;
			buildConfigurations = (
				E3AE7FE8252162980059F3E5 /* Debug */,
				E3AE7FE9252162980059F3E5 /* Release */,
			);
			defaultConfigurationIsVisible = 0;
			defaultConfigurationName = Release;
		};
		E3AE7FEA252162980059F3E5 /* Build configuration list for PBXNativeTarget "EoEUITests" */ = {
			isa = XCConfigurationList;
			buildConfigurations = (
				E3AE7FEB252162980059F3E5 /* Debug */,
				E3AE7FEC252162980059F3E5 /* Release */,
			);
			defaultConfigurationIsVisible = 0;
			defaultConfigurationName = Release;
		};
/* End XCConfigurationList section */

/* Begin XCVersionGroup section */
		E3AE7FC0252162900059F3E5 /* EoE.xcdatamodeld */ = {
			isa = XCVersionGroup;
			children = (
				E3AE7FC1252162900059F3E5 /* EoE.xcdatamodel */,
			);
			currentVersion = E3AE7FC1252162900059F3E5 /* EoE.xcdatamodel */;
			path = EoE.xcdatamodeld;
			sourceTree = "<group>";
			versionGroupType = wrapper.xcdatamodel;
		};
/* End XCVersionGroup section */
	};
	rootObject = E3AE7FAF252162900059F3E5 /* Project object */;
}
