// !$*UTF8*$!
{
	archiveVersion = 1;
	classes = {
	};
	objectVersion = 50;
	objects = {

/* Begin PBXBuildFile section */
		E3AE7FBB252162900059F3E5 /* AppDelegate.swift in Sources */ = {isa = PBXBuildFile; fileRef = E3AE7FBA252162900059F3E5 /* AppDelegate.swift */; };
		E3AE7FBD252162900059F3E5 /* SceneDelegate.swift in Sources */ = {isa = PBXBuildFile; fileRef = E3AE7FBC252162900059F3E5 /* SceneDelegate.swift */; };
		E3AE7FBF252162900059F3E5 /* ContentView.swift in Sources */ = {isa = PBXBuildFile; fileRef = E3AE7FBE252162900059F3E5 /* ContentView.swift */; };
		E3AE7FC2252162900059F3E5 /* EoE.xcdatamodeld in Sources */ = {isa = PBXBuildFile; fileRef = E3AE7FC0252162900059F3E5 /* EoE.xcdatamodeld */; };
		E3AE7FC4252162970059F3E5 /* Assets.xcassets in Resources */ = {isa = PBXBuildFile; fileRef = E3AE7FC3252162970059F3E5 /* Assets.xcassets */; };
		E3AE7FC7252162970059F3E5 /* Preview Assets.xcassets in Resources */ = {isa = PBXBuildFile; fileRef = E3AE7FC6252162970059F3E5 /* Preview Assets.xcassets */; };
		E3AE7FCA252162970059F3E5 /* LaunchScreen.storyboard in Resources */ = {isa = PBXBuildFile; fileRef = E3AE7FC8252162970059F3E5 /* LaunchScreen.storyboard */; };
		E3AE7FD5252162980059F3E5 /* EoETests.swift in Sources */ = {isa = PBXBuildFile; fileRef = E3AE7FD4252162980059F3E5 /* EoETests.swift */; };
		E3AE7FE0252162980059F3E5 /* EoEUITests.swift in Sources */ = {isa = PBXBuildFile; fileRef = E3AE7FDF252162980059F3E5 /* EoEUITests.swift */; };
/* End PBXBuildFile section */

/* Begin PBXContainerItemProxy section */
		E3AE7FD1252162980059F3E5 /* PBXContainerItemProxy */ = {
			isa = PBXContainerItemProxy;
			containerPortal = E3AE7FAF252162900059F3E5 /* Project object */;
			proxyType = 1;
			remoteGlobalIDString = E3AE7FB6252162900059F3E5;
			remoteInfo = EoE;
		};
		E3AE7FDC252162980059F3E5 /* PBXContainerItemProxy */ = {
			isa = PBXContainerItemProxy;
			containerPortal = E3AE7FAF252162900059F3E5 /* Project object */;
			proxyType = 1;
			remoteGlobalIDString = E3AE7FB6252162900059F3E5;
			remoteInfo = EoE;
		};
/* End PBXContainerItemProxy section */

/* Begin PBXFileReference section */
		E3AE7FB7252162900059F3E5 /* EoE.app */ = {isa = PBXFileReference; explicitFileType = wrapper.application; includeInIndex = 0; path = EoE.app; sourceTree = BUILT_PRODUCTS_DIR; };
		E3AE7FBA252162900059F3E5 /* AppDelegate.swift */ = {isa = PBXFileReference; lastKnownFileType = sourcecode.swift; path = AppDelegate.swift; sourceTree = "<group>"; };
		E3AE7FBC252162900059F3E5 /* SceneDelegate.swift */ = {isa = PBXFileReference; lastKnownFileType = sourcecode.swift; path = SceneDelegate.swift; sourceTree = "<group>"; };
		E3AE7FBE252162900059F3E5 /* ContentView.swift */ = {isa = PBXFileReference; lastKnownFileType = sourcecode.swift; path = ContentView.swift; sourceTree = "<group>"; };
		E3AE7FC1252162900059F3E5 /* EoE.xcdatamodel */ = {isa = PBXFileReference; lastKnownFileType = wrapper.xcdatamodel; path = EoE.xcdatamodel; sourceTree = "<group>"; };
		E3AE7FC3252162970059F3E5 /* Assets.xcassets */ = {isa = PBXFileReference; lastKnownFileType = folder.assetcatalog; path = Assets.xcassets; sourceTree = "<group>"; };
		E3AE7FC6252162970059F3E5 /* Preview Assets.xcassets */ = {isa = PBXFileReference; lastKnownFileType = folder.assetcatalog; path = "Preview Assets.xcassets"; sourceTree = "<group>"; };
		E3AE7FC9252162970059F3E5 /* Base */ = {isa = PBXFileReference; lastKnownFileType = file.storyboard; name = Base; path = Base.lproj/LaunchScreen.storyboard; sourceTree = "<group>"; };
		E3AE7FCB252162970059F3E5 /* Info.plist */ = {isa = PBXFileReference; lastKnownFileType = text.plist.xml; path = Info.plist; sourceTree = "<group>"; };
		E3AE7FD0252162980059F3E5 /* EoETests.xctest */ = {isa = PBXFileReference; explicitFileType = wrapper.cfbundle; includeInIndex = 0; path = EoETests.xctest; sourceTree = BUILT_PRODUCTS_DIR; };
		E3AE7FD4252162980059F3E5 /* EoETests.swift */ = {isa = PBXFileReference; lastKnownFileType = sourcecode.swift; path = EoETests.swift; sourceTree = "<group>"; };
		E3AE7FD6252162980059F3E5 /* Info.plist */ = {isa = PBXFileReference; lastKnownFileType = text.plist.xml; path = Info.plist; sourceTree = "<group>"; };
		E3AE7FDB252162980059F3E5 /* EoEUITests.xctest */ = {isa = PBXFileReference; explicitFileType = wrapper.cfbundle; includeInIndex = 0; path = EoEUITests.xctest; sourceTree = BUILT_PRODUCTS_DIR; };
		E3AE7FDF252162980059F3E5 /* EoEUITests.swift */ = {isa = PBXFileReference; lastKnownFileType = sourcecode.swift; path = EoEUITests.swift; sourceTree = "<group>"; };
		E3AE7FE1252162980059F3E5 /* Info.plist */ = {isa = PBXFileReference; lastKnownFileType = text.plist.xml; path = Info.plist; sourceTree = "<group>"; };
/* End PBXFileReference section */

/* Begin PBXFrameworksBuildPhase section */
		E3AE7FB4252162900059F3E5 /* Frameworks */ = {
			isa = PBXFrameworksBuildPhase;
			buildActionMask = 2147483647;
			files = (
			);
			runOnlyForDeploymentPostprocessing = 0;
		};
		E3AE7FCD252162980059F3E5 /* Frameworks */ = {
			isa = PBXFrameworksBuildPhase;
			buildActionMask = 2147483647;
			files = (
			);
			runOnlyForDeploymentPostprocessing = 0;
		};
		E3AE7FD8252162980059F3E5 /* Frameworks */ = {
			isa = PBXFrameworksBuildPhase;
			buildActionMask = 2147483647;
			files = (
			);
			runOnlyForDeploymentPostprocessing = 0;
		};
/* End PBXFrameworksBuildPhase section */

/* Begin PBXGroup section */
		E3AE7FAE252162900059F3E5 = {
			isa = PBXGroup;
			children = (
				E3AE7FB9252162900059F3E5 /* EoE */,
				E3AE7FD3252162980059F3E5 /* EoETests */,
				E3AE7FDE252162980059F3E5 /* EoEUITests */,
				E3AE7FB8252162900059F3E5 /* Products */,
			);
			sourceTree = "<group>";
		};
		E3AE7FB8252162900059F3E5 /* Products */ = {
			isa = PBXGroup;
			children = (
				E3AE7FB7252162900059F3E5 /* EoE.app */,
				E3AE7FD0252162980059F3E5 /* EoETests.xctest */,
				E3AE7FDB252162980059F3E5 /* EoEUITests.xctest */,
			);
			name = Products;
			sourceTree = "<group>";
		};
		E3AE7FB9252162900059F3E5 /* EoE */ = {
			isa = PBXGroup;
			children = (
				E3AE7FBA252162900059F3E5 /* AppDelegate.swift */,
				E3AE7FBC252162900059F3E5 /* SceneDelegate.swift */,
				E3AE7FBE252162900059F3E5 /* ContentView.swift */,
				E3AE7FC3252162970059F3E5 /* Assets.xcassets */,
				E3AE7FC8252162970059F3E5 /* LaunchScreen.storyboard */,
				E3AE7FCB252162970059F3E5 /* Info.plist */,
				E3AE7FC0252162900059F3E5 /* EoE.xcdatamodeld */,
				E3AE7FC5252162970059F3E5 /* Preview Content */,
			);
			path = EoE;
			sourceTree = "<group>";
		};
		E3AE7FC5252162970059F3E5 /* Preview Content */ = {
			isa = PBXGroup;
			children = (
				E3AE7FC6252162970059F3E5 /* Preview Assets.xcassets */,
			);
			path = "Preview Content";
			sourceTree = "<group>";
		};
		E3AE7FD3252162980059F3E5 /* EoETests */ = {
			isa = PBXGroup;
			children = (
				E3AE7FD4252162980059F3E5 /* EoETests.swift */,
				E3AE7FD6252162980059F3E5 /* Info.plist */,
			);
			path = EoETests;
			sourceTree = "<group>";
		};
		E3AE7FDE252162980059F3E5 /* EoEUITests */ = {
			isa = PBXGroup;
			children = (
				E3AE7FDF252162980059F3E5 /* EoEUITests.swift */,
				E3AE7FE1252162980059F3E5 /* Info.plist */,
			);
			path = EoEUITests;
			sourceTree = "<group>";
		};
/* End PBXGroup section */

/* Begin PBXNativeTarget section */
		E3AE7FB6252162900059F3E5 /* EoE */ = {
			isa = PBXNativeTarget;
			buildConfigurationList = E3AE7FE4252162980059F3E5 /* Build configuration list for PBXNativeTarget "EoE" */;
			buildPhases = (
				E3AE7FB3252162900059F3E5 /* Sources */,
				E3AE7FB4252162900059F3E5 /* Frameworks */,
				E3AE7FB5252162900059F3E5 /* Resources */,
			);
			buildRules = (
			);
			dependencies = (
			);
			name = EoE;
			productName = EoE;
			productReference = E3AE7FB7252162900059F3E5 /* EoE.app */;
			productType = "com.apple.product-type.application";
		};
		E3AE7FCF252162980059F3E5 /* EoETests */ = {
			isa = PBXNativeTarget;
			buildConfigurationList = E3AE7FE7252162980059F3E5 /* Build configuration list for PBXNativeTarget "EoETests" */;
			buildPhases = (
				E3AE7FCC252162980059F3E5 /* Sources */,
				E3AE7FCD252162980059F3E5 /* Frameworks */,
				E3AE7FCE252162980059F3E5 /* Resources */,
			);
			buildRules = (
			);
			dependencies = (
				E3AE7FD2252162980059F3E5 /* PBXTargetDependency */,
			);
			name = EoETests;
			productName = EoETests;
			productReference = E3AE7FD0252162980059F3E5 /* EoETests.xctest */;
			productType = "com.apple.product-type.bundle.unit-test";
		};
		E3AE7FDA252162980059F3E5 /* EoEUITests */ = {
			isa = PBXNativeTarget;
			buildConfigurationList = E3AE7FEA252162980059F3E5 /* Build configuration list for PBXNativeTarget "EoEUITests" */;
			buildPhases = (
				E3AE7FD7252162980059F3E5 /* Sources */,
				E3AE7FD8252162980059F3E5 /* Frameworks */,
				E3AE7FD9252162980059F3E5 /* Resources */,
			);
			buildRules = (
			);
			dependencies = (
				E3AE7FDD252162980059F3E5 /* PBXTargetDependency */,
			);
			name = EoEUITests;
			productName = EoEUITests;
			productReference = E3AE7FDB252162980059F3E5 /* EoEUITests.xctest */;
			productType = "com.apple.product-type.bundle.ui-testing";
		};
/* End PBXNativeTarget section */

/* Begin PBXProject section */
		E3AE7FAF252162900059F3E5 /* Project object */ = {
			isa = PBXProject;
			attributes = {
				LastSwiftUpdateCheck = 1200;
				LastUpgradeCheck = 1200;
				TargetAttributes = {
					E3AE7FB6252162900059F3E5 = {
						CreatedOnToolsVersion = 12.0;
					};
					E3AE7FCF252162980059F3E5 = {
						CreatedOnToolsVersion = 12.0;
						TestTargetID = E3AE7FB6252162900059F3E5;
					};
					E3AE7FDA252162980059F3E5 = {
						CreatedOnToolsVersion = 12.0;
						TestTargetID = E3AE7FB6252162900059F3E5;
					};
				};
			};
			buildConfigurationList = E3AE7FB2252162900059F3E5 /* Build configuration list for PBXProject "EoE" */;
			compatibilityVersion = "Xcode 9.3";
			developmentRegion = en;
			hasScannedForEncodings = 0;
			knownRegions = (
				en,
				Base,
			);
			mainGroup = E3AE7FAE252162900059F3E5;
			productRefGroup = E3AE7FB8252162900059F3E5 /* Products */;
			projectDirPath = "";
			projectRoot = "";
			targets = (
				E3AE7FB6252162900059F3E5 /* EoE */,
				E3AE7FCF252162980059F3E5 /* EoETests */,
				E3AE7FDA252162980059F3E5 /* EoEUITests */,
			);
		};
/* End PBXProject section */

/* Begin PBXResourcesBuildPhase section */
		E3AE7FB5252162900059F3E5 /* Resources */ = {
			isa = PBXResourcesBuildPhase;
			buildActionMask = 2147483647;
			files = (
				E3AE7FCA252162970059F3E5 /* LaunchScreen.storyboard in Resources */,
				E3AE7FC7252162970059F3E5 /* Preview Assets.xcassets in Resources */,
				E3AE7FC4252162970059F3E5 /* Assets.xcassets in Resources */,
			);
			runOnlyForDeploymentPostprocessing = 0;
		};
		E3AE7FCE252162980059F3E5 /* Resources */ = {
			isa = PBXResourcesBuildPhase;
			buildActionMask = 2147483647;
			files = (
			);
			runOnlyForDeploymentPostprocessing = 0;
		};
		E3AE7FD9252162980059F3E5 /* Resources */ = {
			isa = PBXResourcesBuildPhase;
			buildActionMask = 2147483647;
			files = (
			);
			runOnlyForDeploymentPostprocessing = 0;
		};
/* End PBXResourcesBuildPhase section */

/* Begin PBXSourcesBuildPhase section */
		E3AE7FB3252162900059F3E5 /* Sources */ = {
			isa = PBXSourcesBuildPhase;
			buildActionMask = 2147483647;
			files = (
				E3AE7FBB252162900059F3E5 /* AppDelegate.swift in Sources */,
				E3AE7FC2252162900059F3E5 /* EoE.xcdatamodeld in Sources */,
				E3AE7FBD252162900059F3E5 /* SceneDelegate.swift in Sources */,
				E3AE7FBF252162900059F3E5 /* ContentView.swift in Sources */,
			);
			runOnlyForDeploymentPostprocessing = 0;
		};
		E3AE7FCC252162980059F3E5 /* Sources */ = {
			isa = PBXSourcesBuildPhase;
			buildActionMask = 2147483647;
			files = (
				E3AE7FD5252162980059F3E5 /* EoETests.swift in Sources */,
			);
			runOnlyForDeploymentPostprocessing = 0;
		};
		E3AE7FD7252162980059F3E5 /* Sources */ = {
			isa = PBXSourcesBuildPhase;
			buildActionMask = 2147483647;
			files = (
				E3AE7FE0252162980059F3E5 /* EoEUITests.swift in Sources */,
			);
			runOnlyForDeploymentPostprocessing = 0;
		};
/* End PBXSourcesBuildPhase section */

/* Begin PBXTargetDependency section */
		E3AE7FD2252162980059F3E5 /* PBXTargetDependency */ = {
			isa = PBXTargetDependency;
			target = E3AE7FB6252162900059F3E5 /* EoE */;
			targetProxy = E3AE7FD1252162980059F3E5 /* PBXContainerItemProxy */;
		};
		E3AE7FDD252162980059F3E5 /* PBXTargetDependency */ = {
			isa = PBXTargetDependency;
			target = E3AE7FB6252162900059F3E5 /* EoE */;
			targetProxy = E3AE7FDC252162980059F3E5 /* PBXContainerItemProxy */;
		};
/* End PBXTargetDependency section */

/* Begin PBXVariantGroup section */
		E3AE7FC8252162970059F3E5 /* LaunchScreen.storyboard */ = {
			isa = PBXVariantGroup;
			children = (
				E3AE7FC9252162970059F3E5 /* Base */,
			);
			name = LaunchScreen.storyboard;
			sourceTree = "<group>";
		};
/* End PBXVariantGroup section */

/* Begin XCBuildConfiguration section */
		E3AE7FE2252162980059F3E5 /* Debug */ = {
			isa = XCBuildConfiguration;
			buildSettings = {
				ALWAYS_SEARCH_USER_PATHS = NO;
				CLANG_ANALYZER_NONNULL = YES;
				CLANG_ANALYZER_NUMBER_OBJECT_CONVERSION = YES_AGGRESSIVE;
				CLANG_CXX_LANGUAGE_STANDARD = "gnu++14";
				CLANG_CXX_LIBRARY = "libc++";
				CLANG_ENABLE_MODULES = YES;
				CLANG_ENABLE_OBJC_ARC = YES;
				CLANG_ENABLE_OBJC_WEAK = YES;
				CLANG_WARN_BLOCK_CAPTURE_AUTORELEASING = YES;
				CLANG_WARN_BOOL_CONVERSION = YES;
				CLANG_WARN_COMMA = YES;
				CLANG_WARN_CONSTANT_CONVERSION = YES;
				CLANG_WARN_DEPRECATED_OBJC_IMPLEMENTATIONS = YES;
				CLANG_WARN_DIRECT_OBJC_ISA_USAGE = YES_ERROR;
				CLANG_WARN_DOCUMENTATION_COMMENTS = YES;
				CLANG_WARN_EMPTY_BODY = YES;
				CLANG_WARN_ENUM_CONVERSION = YES;
				CLANG_WARN_INFINITE_RECURSION = YES;
				CLANG_WARN_INT_CONVERSION = YES;
				CLANG_WARN_NON_LITERAL_NULL_CONVERSION = YES;
				CLANG_WARN_OBJC_IMPLICIT_RETAIN_SELF = YES;
				CLANG_WARN_OBJC_LITERAL_CONVERSION = YES;
				CLANG_WARN_OBJC_ROOT_CLASS = YES_ERROR;
				CLANG_WARN_QUOTED_INCLUDE_IN_FRAMEWORK_HEADER = YES;
				CLANG_WARN_RANGE_LOOP_ANALYSIS = YES;
				CLANG_WARN_STRICT_PROTOTYPES = YES;
				CLANG_WARN_SUSPICIOUS_MOVE = YES;
				CLANG_WARN_UNGUARDED_AVAILABILITY = YES_AGGRESSIVE;
				CLANG_WARN_UNREACHABLE_CODE = YES;
				CLANG_WARN__DUPLICATE_METHOD_MATCH = YES;
				COPY_PHASE_STRIP = NO;
				DEBUG_INFORMATION_FORMAT = dwarf;
				ENABLE_STRICT_OBJC_MSGSEND = YES;
				ENABLE_TESTABILITY = YES;
				GCC_C_LANGUAGE_STANDARD = gnu11;
				GCC_DYNAMIC_NO_PIC = NO;
				GCC_NO_COMMON_BLOCKS = YES;
				GCC_OPTIMIZATION_LEVEL = 0;
				GCC_PREPROCESSOR_DEFINITIONS = (
					"DEBUG=1",
					"$(inherited)",
				);
				GCC_WARN_64_TO_32_BIT_CONVERSION = YES;
				GCC_WARN_ABOUT_RETURN_TYPE = YES_ERROR;
				GCC_WARN_UNDECLARED_SELECTOR = YES;
				GCC_WARN_UNINITIALIZED_AUTOS = YES_AGGRESSIVE;
				GCC_WARN_UNUSED_FUNCTION = YES;
				GCC_WARN_UNUSED_VARIABLE = YES;
				IPHONEOS_DEPLOYMENT_TARGET = 14.0;
				MTL_ENABLE_DEBUG_INFO = INCLUDE_SOURCE;
				MTL_FAST_MATH = YES;
				ONLY_ACTIVE_ARCH = YES;
				SDKROOT = iphoneos;
				SWIFT_ACTIVE_COMPILATION_CONDITIONS = DEBUG;
				SWIFT_OPTIMIZATION_LEVEL = "-Onone";
			};
			name = Debug;
		};
		E3AE7FE3252162980059F3E5 /* Release */ = {
			isa = XCBuildConfiguration;
			buildSettings = {
				ALWAYS_SEARCH_USER_PATHS = NO;
				CLANG_ANALYZER_NONNULL = YES;
				CLANG_ANALYZER_NUMBER_OBJECT_CONVERSION = YES_AGGRESSIVE;
				CLANG_CXX_LANGUAGE_STANDARD = "gnu++14";
				CLANG_CXX_LIBRARY = "libc++";
				CLANG_ENABLE_MODULES = YES;
				CLANG_ENABLE_OBJC_ARC = YES;
				CLANG_ENABLE_OBJC_WEAK = YES;
				CLANG_WARN_BLOCK_CAPTURE_AUTORELEASING = YES;
				CLANG_WARN_BOOL_CONVERSION = YES;
				CLANG_WARN_COMMA = YES;
				CLANG_WARN_CONSTANT_CONVERSION = YES;
				CLANG_WARN_DEPRECATED_OBJC_IMPLEMENTATIONS = YES;
				CLANG_WARN_DIRECT_OBJC_ISA_USAGE = YES_ERROR;
				CLANG_WARN_DOCUMENTATION_COMMENTS = YES;
				CLANG_WARN_EMPTY_BODY = YES;
				CLANG_WARN_ENUM_CONVERSION = YES;
				CLANG_WARN_INFINITE_RECURSION = YES;
				CLANG_WARN_INT_CONVERSION = YES;
				CLANG_WARN_NON_LITERAL_NULL_CONVERSION = YES;
				CLANG_WARN_OBJC_IMPLICIT_RETAIN_SELF = YES;
				CLANG_WARN_OBJC_LITERAL_CONVERSION = YES;
				CLANG_WARN_OBJC_ROOT_CLASS = YES_ERROR;
				CLANG_WARN_QUOTED_INCLUDE_IN_FRAMEWORK_HEADER = YES;
				CLANG_WARN_RANGE_LOOP_ANALYSIS = YES;
				CLANG_WARN_STRICT_PROTOTYPES = YES;
				CLANG_WARN_SUSPICIOUS_MOVE = YES;
				CLANG_WARN_UNGUARDED_AVAILABILITY = YES_AGGRESSIVE;
				CLANG_WARN_UNREACHABLE_CODE = YES;
				CLANG_WARN__DUPLICATE_METHOD_MATCH = YES;
				COPY_PHASE_STRIP = NO;
				DEBUG_INFORMATION_FORMAT = "dwarf-with-dsym";
				ENABLE_NS_ASSERTIONS = NO;
				ENABLE_STRICT_OBJC_MSGSEND = YES;
				GCC_C_LANGUAGE_STANDARD = gnu11;
				GCC_NO_COMMON_BLOCKS = YES;
				GCC_WARN_64_TO_32_BIT_CONVERSION = YES;
				GCC_WARN_ABOUT_RETURN_TYPE = YES_ERROR;
				GCC_WARN_UNDECLARED_SELECTOR = YES;
				GCC_WARN_UNINITIALIZED_AUTOS = YES_AGGRESSIVE;
				GCC_WARN_UNUSED_FUNCTION = YES;
				GCC_WARN_UNUSED_VARIABLE = YES;
				IPHONEOS_DEPLOYMENT_TARGET = 14.0;
				MTL_ENABLE_DEBUG_INFO = NO;
				MTL_FAST_MATH = YES;
				SDKROOT = iphoneos;
				SWIFT_COMPILATION_MODE = wholemodule;
				SWIFT_OPTIMIZATION_LEVEL = "-O";
				VALIDATE_PRODUCT = YES;
			};
			name = Release;
		};
		E3AE7FE5252162980059F3E5 /* Debug */ = {
			isa = XCBuildConfiguration;
			buildSettings = {
				ASSETCATALOG_COMPILER_APPICON_NAME = AppIcon;
				ASSETCATALOG_COMPILER_GLOBAL_ACCENT_COLOR_NAME = AccentColor;
				CODE_SIGN_STYLE = Automatic;
				DEVELOPMENT_ASSET_PATHS = "\"EoE/Preview Content\"";
				DEVELOPMENT_TEAM = NQX94FAFJ8;
				ENABLE_PREVIEWS = YES;
				INFOPLIST_FILE = EoE/Info.plist;
				LD_RUNPATH_SEARCH_PATHS = (
					"$(inherited)",
					"@executable_path/Frameworks",
				);
				PRODUCT_BUNDLE_IDENTIFIER = com.dakshindevanand.EoE;
				PRODUCT_NAME = "$(TARGET_NAME)";
				SWIFT_VERSION = 5.0;
				TARGETED_DEVICE_FAMILY = "1,2";
			};
			name = Debug;
		};
		E3AE7FE6252162980059F3E5 /* Release */ = {
			isa = XCBuildConfiguration;
			buildSettings = {
				ASSETCATALOG_COMPILER_APPICON_NAME = AppIcon;
				ASSETCATALOG_COMPILER_GLOBAL_ACCENT_COLOR_NAME = AccentColor;
				CODE_SIGN_STYLE = Automatic;
				DEVELOPMENT_ASSET_PATHS = "\"EoE/Preview Content\"";
				DEVELOPMENT_TEAM = NQX94FAFJ8;
				ENABLE_PREVIEWS = YES;
				INFOPLIST_FILE = EoE/Info.plist;
				LD_RUNPATH_SEARCH_PATHS = (
					"$(inherited)",
					"@executable_path/Frameworks",
				);
				PRODUCT_BUNDLE_IDENTIFIER = com.dakshindevanand.EoE;
				PRODUCT_NAME = "$(TARGET_NAME)";
				SWIFT_VERSION = 5.0;
				TARGETED_DEVICE_FAMILY = "1,2";
			};
			name = Release;
		};
		E3AE7FE8252162980059F3E5 /* Debug */ = {
			isa = XCBuildConfiguration;
			buildSettings = {
				ALWAYS_EMBED_SWIFT_STANDARD_LIBRARIES = YES;
				BUNDLE_LOADER = "$(TEST_HOST)";
				CODE_SIGN_STYLE = Automatic;
				DEVELOPMENT_TEAM = NQX94FAFJ8;
				INFOPLIST_FILE = EoETests/Info.plist;
				IPHONEOS_DEPLOYMENT_TARGET = 14.0;
				LD_RUNPATH_SEARCH_PATHS = (
					"$(inherited)",
					"@executable_path/Frameworks",
					"@loader_path/Frameworks",
				);
				PRODUCT_BUNDLE_IDENTIFIER = com.dakshindevanand.EoETests;
				PRODUCT_NAME = "$(TARGET_NAME)";
				SWIFT_VERSION = 5.0;
				TARGETED_DEVICE_FAMILY = "1,2";
				TEST_HOST = "$(BUILT_PRODUCTS_DIR)/EoE.app/EoE";
			};
			name = Debug;
		};
		E3AE7FE9252162980059F3E5 /* Release */ = {
			isa = XCBuildConfiguration;
			buildSettings = {
				ALWAYS_EMBED_SWIFT_STANDARD_LIBRARIES = YES;
				BUNDLE_LOADER = "$(TEST_HOST)";
				CODE_SIGN_STYLE = Automatic;
				DEVELOPMENT_TEAM = NQX94FAFJ8;
				INFOPLIST_FILE = EoETests/Info.plist;
				IPHONEOS_DEPLOYMENT_TARGET = 14.0;
				LD_RUNPATH_SEARCH_PATHS = (
					"$(inherited)",
					"@executable_path/Frameworks",
					"@loader_path/Frameworks",
				);
				PRODUCT_BUNDLE_IDENTIFIER = com.dakshindevanand.EoETests;
				PRODUCT_NAME = "$(TARGET_NAME)";
				SWIFT_VERSION = 5.0;
				TARGETED_DEVICE_FAMILY = "1,2";
				TEST_HOST = "$(BUILT_PRODUCTS_DIR)/EoE.app/EoE";
			};
			name = Release;
		};
		E3AE7FEB252162980059F3E5 /* Debug */ = {
			isa = XCBuildConfiguration;
			buildSettings = {
				ALWAYS_EMBED_SWIFT_STANDARD_LIBRARIES = YES;
				CODE_SIGN_STYLE = Automatic;
				DEVELOPMENT_TEAM = NQX94FAFJ8;
				INFOPLIST_FILE = EoEUITests/Info.plist;
				LD_RUNPATH_SEARCH_PATHS = (
					"$(inherited)",
					"@executable_path/Frameworks",
					"@loader_path/Frameworks",
				);
				PRODUCT_BUNDLE_IDENTIFIER = com.dakshindevanand.EoEUITests;
				PRODUCT_NAME = "$(TARGET_NAME)";
				SWIFT_VERSION = 5.0;
				TARGETED_DEVICE_FAMILY = "1,2";
				TEST_TARGET_NAME = EoE;
			};
			name = Debug;
		};
		E3AE7FEC252162980059F3E5 /* Release */ = {
			isa = XCBuildConfiguration;
			buildSettings = {
				ALWAYS_EMBED_SWIFT_STANDARD_LIBRARIES = YES;
				CODE_SIGN_STYLE = Automatic;
				DEVELOPMENT_TEAM = NQX94FAFJ8;
				INFOPLIST_FILE = EoEUITests/Info.plist;
				LD_RUNPATH_SEARCH_PATHS = (
					"$(inherited)",
					"@executable_path/Frameworks",
					"@loader_path/Frameworks",
				);
				PRODUCT_BUNDLE_IDENTIFIER = com.dakshindevanand.EoEUITests;
				PRODUCT_NAME = "$(TARGET_NAME)";
				SWIFT_VERSION = 5.0;
				TARGETED_DEVICE_FAMILY = "1,2";
				TEST_TARGET_NAME = EoE;
			};
			name = Release;
		};
/* End XCBuildConfiguration section */

/* Begin XCConfigurationList section */
		E3AE7FB2252162900059F3E5 /* Build configuration list for PBXProject "EoE" */ = {
			isa = XCConfigurationList;
			buildConfigurations = (
				E3AE7FE2252162980059F3E5 /* Debug */,
				E3AE7FE3252162980059F3E5 /* Release */,
			);
			defaultConfigurationIsVisible = 0;
			defaultConfigurationName = Release;
		};
		E3AE7FE4252162980059F3E5 /* Build configuration list for PBXNativeTarget "EoE" */ = {
			isa = XCConfigurationList;
			buildConfigurations = (
				E3AE7FE5252162980059F3E5 /* Debug */,
				E3AE7FE6252162980059F3E5 /* Release */,
			);
			defaultConfigurationIsVisible = 0;
			defaultConfigurationName = Release;
		};
		E3AE7FE7252162980059F3E5 /* Build configuration list for PBXNativeTarget "EoETests" */ = {
			isa = XCConfigurationList;
			buildConfigurations = (
				E3AE7FE8252162980059F3E5 /* Debug */,
				E3AE7FE9252162980059F3E5 /* Release */,
			);
			defaultConfigurationIsVisible = 0;
			defaultConfigurationName = Release;
		};
		E3AE7FEA252162980059F3E5 /* Build configuration list for PBXNativeTarget "EoEUITests" */ = {
			isa = XCConfigurationList;
			buildConfigurations = (
				E3AE7FEB252162980059F3E5 /* Debug */,
				E3AE7FEC252162980059F3E5 /* Release */,
			);
			defaultConfigurationIsVisible = 0;
			defaultConfigurationName = Release;
		};
/* End XCConfigurationList section */

/* Begin XCVersionGroup section */
		E3AE7FC0252162900059F3E5 /* EoE.xcdatamodeld */ = {
			isa = XCVersionGroup;
			children = (
				E3AE7FC1252162900059F3E5 /* EoE.xcdatamodel */,
			);
			currentVersion = E3AE7FC1252162900059F3E5 /* EoE.xcdatamodel */;
			path = EoE.xcdatamodeld;
			sourceTree = "<group>";
			versionGroupType = wrapper.xcdatamodel;
		};
/* End XCVersionGroup section */
	};
	rootObject = E3AE7FAF252162900059F3E5 /* Project object */;
}
